
Microsoft Visual Studio Solution File, Format Version 12.00
# Visual Studio 15
VisualStudioVersion = 15.0.27130.2036
MinimumVisualStudioVersion = 10.0.40219.1
Project("{FAE04EC0-301F-11D3-BF4B-00C04F79EFBC}") = "MyLibUserControls", "MyLibUserControls\MyLibUserControls.csproj", "{8DCF4D93-07B0-4EB4-9903-FA0CB6710BEB}"
EndProject
Global
	GlobalSection(SolutionConfigurationPlatforms) = preSolution
		Debug|Any CPU = Debug|Any CPU
		Release|Any CPU = Release|Any CPU
	EndGlobalSection
	GlobalSection(ProjectConfigurationPlatforms) = postSolution
		{8DCF4D93-07B0-4EB4-9903-FA0CB6710BEB}.Debug|Any CPU.ActiveCfg = Debug|Any CPU
		{8DCF4D93-07B0-4EB4-9903-FA0CB6710BEB}.Debug|Any CPU.Build.0 = Debug|Any CPU
		{8DCF4D93-07B0-4EB4-9903-FA0CB6710BEB}.Release|Any CPU.ActiveCfg = Release|Any CPU
		{8DCF4D93-07B0-4EB4-9903-FA0CB6710BEB}.Release|Any CPU.Build.0 = Release|Any CPU
	EndGlobalSection
	GlobalSection(SolutionProperties) = preSolution
		HideSolutionNode = FALSE
	EndGlobalSection
	GlobalSection(ExtensibilityGlobals) = postSolution
		SolutionGuid = {4C37D770-C1E2-4120-8BAF-088A0525B525}
	EndGlobalSection
EndGlobal
